
Microsoft Visual Studio Solution File, Format Version 12.00
# Visual Studio Version 16
VisualStudioVersion = 16.0.31205.134
MinimumVisualStudioVersion = 10.0.40219.1
Project("{8BC9CEB8-8B4A-11D0-8D11-00A0C91BC942}") = "Linked_List", "Linked_List.vcxproj", "{27BC33B8-D4F9-4FAB-A8A7-857194145BA2}"
EndProject
Global
	GlobalSection(SolutionConfigurationPlatforms) = preSolution
		Debug|x64 = Debug|x64
		Debug|x86 = Debug|x86
		Release|x64 = Release|x64
		Release|x86 = Release|x86
	EndGlobalSection
	GlobalSection(ProjectConfigurationPlatforms) = postSolution
		{27BC33B8-D4F9-4FAB-A8A7-857194145BA2}.Debug|x64.ActiveCfg = Debug|x64
		{27BC33B8-D4F9-4FAB-A8A7-857194145BA2}.Debug|x64.Build.0 = Debug|x64
		{27BC33B8-D4F9-4FAB-A8A7-857194145BA2}.Debug|x86.ActiveCfg = Debug|Win32
		{27BC33B8-D4F9-4FAB-A8A7-857194145BA2}.Debug|x86.Build.0 = Debug|Win32
		{27BC33B8-D4F9-4FAB-A8A7-857194145BA2}.Release|x64.ActiveCfg = Release|x64
		{27BC33B8-D4F9-4FAB-A8A7-857194145BA2}.Release|x64.Build.0 = Release|x64
		{27BC33B8-D4F9-4FAB-A8A7-857194145BA2}.Release|x86.ActiveCfg = Release|Win32
		{27BC33B8-D4F9-4FAB-A8A7-857194145BA2}.Release|x86.Build.0 = Release|Win32
	EndGlobalSection
	GlobalSection(SolutionProperties) = preSolution
		HideSolutionNode = FALSE
	EndGlobalSection
	GlobalSection(ExtensibilityGlobals) = postSolution
		SolutionGuid = {64C8E8BE-1678-452D-B82C-8FF0B6D8C4D4}
	EndGlobalSection
EndGlobal
